// !$*UTF8*$!
{
	archiveVersion = 1;
	classes = {
	};
	objectVersion = 46;
	objects = {

/* Begin PBXBuildFile section */
		6930EB041B428CE500BEA6C3 /* AppDelegate.swift in Sources */ = {isa = PBXBuildFile; fileRef = 6930EB031B428CE500BEA6C3 /* AppDelegate.swift */; };
		6930EB061B428CE500BEA6C3 /* ViewController.swift in Sources */ = {isa = PBXBuildFile; fileRef = 6930EB051B428CE500BEA6C3 /* ViewController.swift */; };
		6930EB091B428CE500BEA6C3 /* Main.storyboard in Resources */ = {isa = PBXBuildFile; fileRef = 6930EB071B428CE500BEA6C3 /* Main.storyboard */; };
		6930EB0B1B428CE500BEA6C3 /* Images.xcassets in Resources */ = {isa = PBXBuildFile; fileRef = 6930EB0A1B428CE500BEA6C3 /* Images.xcassets */; };
		6930EB0E1B428CE500BEA6C3 /* LaunchScreen.xib in Resources */ = {isa = PBXBuildFile; fileRef = 6930EB0C1B428CE500BEA6C3 /* LaunchScreen.xib */; };
		6930EB1A1B428CE500BEA6C3 /* QRCodeDemoTests.swift in Sources */ = {isa = PBXBuildFile; fileRef = 6930EB191B428CE500BEA6C3 /* QRCodeDemoTests.swift */; };
/* End PBXBuildFile section */

/* Begin PBXContainerItemProxy section */
		6930EB141B428CE500BEA6C3 /* PBXContainerItemProxy */ = {
			isa = PBXContainerItemProxy;
			containerPortal = 6930EAF61B428CE500BEA6C3 /* Project object */;
			proxyType = 1;
			remoteGlobalIDString = 6930EAFD1B428CE500BEA6C3;
			remoteInfo = QRCodeDemo;
		};
/* End PBXContainerItemProxy section */

/* Begin PBXFileReference section */
		6930EAFE1B428CE500BEA6C3 /* QRCodeDemo.app */ = {isa = PBXFileReference; explicitFileType = wrapper.application; includeInIndex = 0; path = QRCodeDemo.app; sourceTree = BUILT_PRODUCTS_DIR; };
		6930EB021B428CE500BEA6C3 /* Info.plist */ = {isa = PBXFileReference; lastKnownFileType = text.plist.xml; path = Info.plist; sourceTree = "<group>"; };
		6930EB031B428CE500BEA6C3 /* AppDelegate.swift */ = {isa = PBXFileReference; lastKnownFileType = sourcecode.swift; path = AppDelegate.swift; sourceTree = "<group>"; };
		6930EB051B428CE500BEA6C3 /* ViewController.swift */ = {isa = PBXFileReference; lastKnownFileType = sourcecode.swift; path = ViewController.swift; sourceTree = "<group>"; };
		6930EB081B428CE500BEA6C3 /* Base */ = {isa = PBXFileReference; lastKnownFileType = file.storyboard; name = Base; path = Base.lproj/Main.storyboard; sourceTree = "<group>"; };
		6930EB0A1B428CE500BEA6C3 /* Images.xcassets */ = {isa = PBXFileReference; lastKnownFileType = folder.assetcatalog; path = Images.xcassets; sourceTree = "<group>"; };
		6930EB0D1B428CE500BEA6C3 /* Base */ = {isa = PBXFileReference; lastKnownFileType = file.xib; name = Base; path = Base.lproj/LaunchScreen.xib; sourceTree = "<group>"; };
		6930EB131B428CE500BEA6C3 /* QRCodeDemoTests.xctest */ = {isa = PBXFileReference; explicitFileType = wrapper.cfbundle; includeInIndex = 0; path = QRCodeDemoTests.xctest; sourceTree = BUILT_PRODUCTS_DIR; };
		6930EB181B428CE500BEA6C3 /* Info.plist */ = {isa = PBXFileReference; lastKnownFileType = text.plist.xml; path = Info.plist; sourceTree = "<group>"; };
		6930EB191B428CE500BEA6C3 /* QRCodeDemoTests.swift */ = {isa = PBXFileReference; lastKnownFileType = sourcecode.swift; path = QRCodeDemoTests.swift; sourceTree = "<group>"; };
/* End PBXFileReference section */

/* Begin PBXFrameworksBuildPhase section */
		6930EAFB1B428CE500BEA6C3 /* Frameworks */ = {
			isa = PBXFrameworksBuildPhase;
			buildActionMask = 2147483647;
			files = (
			);
			runOnlyForDeploymentPostprocessing = 0;
		};
		6930EB101B428CE500BEA6C3 /* Frameworks */ = {
			isa = PBXFrameworksBuildPhase;
			buildActionMask = 2147483647;
			files = (
			);
			runOnlyForDeploymentPostprocessing = 0;
		};
/* End PBXFrameworksBuildPhase section */

/* Begin PBXGroup section */
		6930EAF51B428CE500BEA6C3 = {
			isa = PBXGroup;
			children = (
				6930EB001B428CE500BEA6C3 /* QRCodeDemo */,
				6930EB161B428CE500BEA6C3 /* QRCodeDemoTests */,
				6930EAFF1B428CE500BEA6C3 /* Products */,
			);
			sourceTree = "<group>";
		};
		6930EAFF1B428CE500BEA6C3 /* Products */ = {
			isa = PBXGroup;
			children = (
				6930EAFE1B428CE500BEA6C3 /* QRCodeDemo.app */,
				6930EB131B428CE500BEA6C3 /* QRCodeDemoTests.xctest */,
			);
			name = Products;
			sourceTree = "<group>";
		};
		6930EB001B428CE500BEA6C3 /* QRCodeDemo */ = {
			isa = PBXGroup;
			children = (
				6930EB031B428CE500BEA6C3 /* AppDelegate.swift */,
				6930EB051B428CE500BEA6C3 /* ViewController.swift */,
				6930EB071B428CE500BEA6C3 /* Main.storyboard */,
				6930EB0A1B428CE500BEA6C3 /* Images.xcassets */,
				6930EB0C1B428CE500BEA6C3 /* LaunchScreen.xib */,
				6930EB011B428CE500BEA6C3 /* Supporting Files */,
			);
			path = QRCodeDemo;
			sourceTree = "<group>";
		};
		6930EB011B428CE500BEA6C3 /* Supporting Files */ = {
			isa = PBXGroup;
			children = (
				6930EB021B428CE500BEA6C3 /* Info.plist */,
			);
			name = "Supporting Files";
			sourceTree = "<group>";
		};
		6930EB161B428CE500BEA6C3 /* QRCodeDemoTests */ = {
			isa = PBXGroup;
			children = (
				6930EB191B428CE500BEA6C3 /* QRCodeDemoTests.swift */,
				6930EB171B428CE500BEA6C3 /* Supporting Files */,
			);
			path = QRCodeDemoTests;
			sourceTree = "<group>";
		};
		6930EB171B428CE500BEA6C3 /* Supporting Files */ = {
			isa = PBXGroup;
			children = (
				6930EB181B428CE500BEA6C3 /* Info.plist */,
			);
			name = "Supporting Files";
			sourceTree = "<group>";
		};
/* End PBXGroup section */

/* Begin PBXNativeTarget section */
		6930EAFD1B428CE500BEA6C3 /* QRCodeDemo */ = {
			isa = PBXNativeTarget;
			buildConfigurationList = 6930EB1D1B428CE500BEA6C3 /* Build configuration list for PBXNativeTarget "QRCodeDemo" */;
			buildPhases = (
				6930EAFA1B428CE500BEA6C3 /* Sources */,
				6930EAFB1B428CE500BEA6C3 /* Frameworks */,
				6930EAFC1B428CE500BEA6C3 /* Resources */,
			);
			buildRules = (
			);
			dependencies = (
			);
			name = QRCodeDemo;
			productName = QRCodeDemo;
			productReference = 6930EAFE1B428CE500BEA6C3 /* QRCodeDemo.app */;
			productType = "com.apple.product-type.application";
		};
		6930EB121B428CE500BEA6C3 /* QRCodeDemoTests */ = {
			isa = PBXNativeTarget;
			buildConfigurationList = 6930EB201B428CE500BEA6C3 /* Build configuration list for PBXNativeTarget "QRCodeDemoTests" */;
			buildPhases = (
				6930EB0F1B428CE500BEA6C3 /* Sources */,
				6930EB101B428CE500BEA6C3 /* Frameworks */,
				6930EB111B428CE500BEA6C3 /* Resources */,
			);
			buildRules = (
			);
			dependencies = (
				6930EB151B428CE500BEA6C3 /* PBXTargetDependency */,
			);
			name = QRCodeDemoTests;
			productName = QRCodeDemoTests;
			productReference = 6930EB131B428CE500BEA6C3 /* QRCodeDemoTests.xctest */;
			productType = "com.apple.product-type.bundle.unit-test";
		};
/* End PBXNativeTarget section */

/* Begin PBXProject section */
		6930EAF61B428CE500BEA6C3 /* Project object */ = {
			isa = PBXProject;
			attributes = {
				LastUpgradeCheck = 0630;
				ORGANIZATIONNAME = dayu;
				TargetAttributes = {
					6930EAFD1B428CE500BEA6C3 = {
						CreatedOnToolsVersion = 6.3.2;
					};
					6930EB121B428CE500BEA6C3 = {
						CreatedOnToolsVersion = 6.3.2;
						TestTargetID = 6930EAFD1B428CE500BEA6C3;
					};
				};
			};
			buildConfigurationList = 6930EAF91B428CE500BEA6C3 /* Build configuration list for PBXProject "QRCodeDemo" */;
			compatibilityVersion = "Xcode 3.2";
			developmentRegion = English;
			hasScannedForEncodings = 0;
			knownRegions = (
				en,
				Base,
			);
			mainGroup = 6930EAF51B428CE500BEA6C3;
			productRefGroup = 6930EAFF1B428CE500BEA6C3 /* Products */;
			projectDirPath = "";
			projectRoot = "";
			targets = (
				6930EAFD1B428CE500BEA6C3 /* QRCodeDemo */,
				6930EB121B428CE500BEA6C3 /* QRCodeDemoTests */,
			);
		};
/* End PBXProject section */

/* Begin PBXResourcesBuildPhase section */
		6930EAFC1B428CE500BEA6C3 /* Resources */ = {
			isa = PBXResourcesBuildPhase;
			buildActionMask = 2147483647;
			files = (
				6930EB091B428CE500BEA6C3 /* Main.storyboard in Resources */,
				6930EB0E1B428CE500BEA6C3 /* LaunchScreen.xib in Resources */,
				6930EB0B1B428CE500BEA6C3 /* Images.xcassets in Resources */,
			);
			runOnlyForDeploymentPostprocessing = 0;
		};
		6930EB111B428CE500BEA6C3 /* Resources */ = {
			isa = PBXResourcesBuildPhase;
			buildActionMask = 2147483647;
			files = (
			);
			runOnlyForDeploymentPostprocessing = 0;
		};
/* End PBXResourcesBuildPhase section */

/* Begin PBXSourcesBuildPhase section */
		6930EAFA1B428CE500BEA6C3 /* Sources */ = {
			isa = PBXSourcesBuildPhase;
			buildActionMask = 2147483647;
			files = (
				6930EB061B428CE500BEA6C3 /* ViewController.swift in Sources */,
				6930EB041B428CE500BEA6C3 /* AppDelegate.swift in Sources */,
			);
			runOnlyForDeploymentPostprocessing = 0;
		};
		6930EB0F1B428CE500BEA6C3 /* Sources */ = {
			isa = PBXSourcesBuildPhase;
			buildActionMask = 2147483647;
			files = (
				6930EB1A1B428CE500BEA6C3 /* QRCodeDemoTests.swift in Sources */,
			);
			runOnlyForDeploymentPostprocessing = 0;
		};
/* End PBXSourcesBuildPhase section */

/* Begin PBXTargetDependency section */
		6930EB151B428CE500BEA6C3 /* PBXTargetDependency */ = {
			isa = PBXTargetDependency;
			target = 6930EAFD1B428CE500BEA6C3 /* QRCodeDemo */;
			targetProxy = 6930EB141B428CE500BEA6C3 /* PBXContainerItemProxy */;
		};
/* End PBXTargetDependency section */

/* Begin PBXVariantGroup section */
		6930EB071B428CE500BEA6C3 /* Main.storyboard */ = {
			isa = PBXVariantGroup;
			children = (
				6930EB081B428CE500BEA6C3 /* Base */,
			);
			name = Main.storyboard;
			sourceTree = "<group>";
		};
		6930EB0C1B428CE500BEA6C3 /* LaunchScreen.xib */ = {
			isa = PBXVariantGroup;
			children = (
				6930EB0D1B428CE500BEA6C3 /* Base */,
			);
			name = LaunchScreen.xib;
			sourceTree = "<group>";
		};
/* End PBXVariantGroup section */

/* Begin XCBuildConfiguration section */
		6930EB1B1B428CE500BEA6C3 /* Debug */ = {
			isa = XCBuildConfiguration;
			buildSettings = {
				ALWAYS_SEARCH_USER_PATHS = NO;
				CLANG_CXX_LANGUAGE_STANDARD = "gnu++0x";
				CLANG_CXX_LIBRARY = "libc++";
				CLANG_ENABLE_MODULES = YES;
				CLANG_ENABLE_OBJC_ARC = YES;
				CLANG_WARN_BOOL_CONVERSION = YES;
				CLANG_WARN_CONSTANT_CONVERSION = YES;
				CLANG_WARN_DIRECT_OBJC_ISA_USAGE = YES_ERROR;
				CLANG_WARN_EMPTY_BODY = YES;
				CLANG_WARN_ENUM_CONVERSION = YES;
				CLANG_WARN_INT_CONVERSION = YES;
				CLANG_WARN_OBJC_ROOT_CLASS = YES_ERROR;
				CLANG_WARN_UNREACHABLE_CODE = YES;
				CLANG_WARN__DUPLICATE_METHOD_MATCH = YES;
				"CODE_SIGN_IDENTITY[sdk=iphoneos*]" = "iPhone Developer";
				COPY_PHASE_STRIP = NO;
				DEBUG_INFORMATION_FORMAT = "dwarf-with-dsym";
				ENABLE_STRICT_OBJC_MSGSEND = YES;
				GCC_C_LANGUAGE_STANDARD = gnu99;
				GCC_DYNAMIC_NO_PIC = NO;
				GCC_NO_COMMON_BLOCKS = YES;
				GCC_OPTIMIZATION_LEVEL = 0;
				GCC_PREPROCESSOR_DEFINITIONS = (
					"DEBUG=1",
					"$(inherited)",
				);
				GCC_SYMBOLS_PRIVATE_EXTERN = NO;
				GCC_WARN_64_TO_32_BIT_CONVERSION = YES;
				GCC_WARN_ABOUT_RETURN_TYPE = YES_ERROR;
				GCC_WARN_UNDECLARED_SELECTOR = YES;
				GCC_WARN_UNINITIALIZED_AUTOS = YES_AGGRESSIVE;
				GCC_WARN_UNUSED_FUNCTION = YES;
				GCC_WARN_UNUSED_VARIABLE = YES;
				IPHONEOS_DEPLOYMENT_TARGET = 8.3;
				MTL_ENABLE_DEBUG_INFO = YES;
				ONLY_ACTIVE_ARCH = YES;
				SDKROOT = iphoneos;
				SWIFT_OPTIMIZATION_LEVEL = "-Onone";
				TARGETED_DEVICE_FAMILY = "1,2";
			};
			name = Debug;
		};
		6930EB1C1B428CE500BEA6C3 /* Release */ = {
			isa = XCBuildConfiguration;
			buildSettings = {
				ALWAYS_SEARCH_USER_PATHS = NO;
				CLANG_CXX_LANGUAGE_STANDARD = "gnu++0x";
				CLANG_CXX_LIBRARY = "libc++";
				CLANG_ENABLE_MODULES = YES;
				CLANG_ENABLE_OBJC_ARC = YES;
				CLANG_WARN_BOOL_CONVERSION = YES;
				CLANG_WARN_CONSTANT_CONVERSION = YES;
				CLANG_WARN_DIRECT_OBJC_ISA_USAGE = YES_ERROR;
				CLANG_WARN_EMPTY_BODY = YES;
				CLANG_WARN_ENUM_CONVERSION = YES;
				CLANG_WARN_INT_CONVERSION = YES;
				CLANG_WARN_OBJC_ROOT_CLASS = YES_ERROR;
				CLANG_WARN_UNREACHABLE_CODE = YES;
				CLANG_WARN__DUPLICATE_METHOD_MATCH = YES;
				"CODE_SIGN_IDENTITY[sdk=iphoneos*]" = "iPhone Developer";
				COPY_PHASE_STRIP = NO;
				DEBUG_INFORMATION_FORMAT = "dwarf-with-dsym";
				ENABLE_NS_ASSERTIONS = NO;
				ENABLE_STRICT_OBJC_MSGSEND = YES;
				GCC_C_LANGUAGE_STANDARD = gnu99;
				GCC_NO_COMMON_BLOCKS = YES;
				GCC_WARN_64_TO_32_BIT_CONVERSION = YES;
				GCC_WARN_ABOUT_RETURN_TYPE = YES_ERROR;
				GCC_WARN_UNDECLARED_SELECTOR = YES;
				GCC_WARN_UNINITIALIZED_AUTOS = YES_AGGRESSIVE;
				GCC_WARN_UNUSED_FUNCTION = YES;
				GCC_WARN_UNUSED_VARIABLE = YES;
				IPHONEOS_DEPLOYMENT_TARGET = 8.3;
				MTL_ENABLE_DEBUG_INFO = NO;
				SDKROOT = iphoneos;
				TARGETED_DEVICE_FAMILY = "1,2";
				VALIDATE_PRODUCT = YES;
			};
			name = Release;
		};
		6930EB1E1B428CE500BEA6C3 /* Debug */ = {
			isa = XCBuildConfiguration;
			buildSettings = {
				ASSETCATALOG_COMPILER_APPICON_NAME = AppIcon;
				INFOPLIST_FILE = QRCodeDemo/Info.plist;
				LD_RUNPATH_SEARCH_PATHS = "$(inherited) @executable_path/Frameworks";
				PRODUCT_NAME = "$(TARGET_NAME)";
			};
			name = Debug;
		};
		6930EB1F1B428CE500BEA6C3 /* Release */ = {
			isa = XCBuildConfiguration;
			buildSettings = {
				ASSETCATALOG_COMPILER_APPICON_NAME = AppIcon;
				INFOPLIST_FILE = QRCodeDemo/Info.plist;
				LD_RUNPATH_SEARCH_PATHS = "$(inherited) @executable_path/Frameworks";
				PRODUCT_NAME = "$(TARGET_NAME)";
			};
			name = Release;
		};
		6930EB211B428CE500BEA6C3 /* Debug */ = {
			isa = XCBuildConfiguration;
			buildSettings = {
				BUNDLE_LOADER = "$(TEST_HOST)";
				FRAMEWORK_SEARCH_PATHS = (
					"$(SDKROOT)/Developer/Library/Frameworks",
					"$(inherited)",
				);
				GCC_PREPROCESSOR_DEFINITIONS = (
					"DEBUG=1",
					"$(inherited)",
				);
				INFOPLIST_FILE = QRCodeDemoTests/Info.plist;
				LD_RUNPATH_SEARCH_PATHS = "$(inherited) @executable_path/Frameworks @loader_path/Frameworks";
				PRODUCT_NAME = "$(TARGET_NAME)";
				TEST_HOST = "$(BUILT_PRODUCTS_DIR)/QRCodeDemo.app/QRCodeDemo";
			};
			name = Debug;
		};
		6930EB221B428CE500BEA6C3 /* Release */ = {
			isa = XCBuildConfiguration;
			buildSettings = {
				BUNDLE_LOADER = "$(TEST_HOST)";
				FRAMEWORK_SEARCH_PATHS = (
					"$(SDKROOT)/Developer/Library/Frameworks",
					"$(inherited)",
				);
				INFOPLIST_FILE = QRCodeDemoTests/Info.plist;
				LD_RUNPATH_SEARCH_PATHS = "$(inherited) @executable_path/Frameworks @loader_path/Frameworks";
				PRODUCT_NAME = "$(TARGET_NAME)";
				TEST_HOST = "$(BUILT_PRODUCTS_DIR)/QRCodeDemo.app/QRCodeDemo";
			};
			name = Release;
		};
/* End XCBuildConfiguration section */

/* Begin XCConfigurationList section */
		6930EAF91B428CE500BEA6C3 /* Build configuration list for PBXProject "QRCodeDemo" */ = {
			isa = XCConfigurationList;
			buildConfigurations = (
				6930EB1B1B428CE500BEA6C3 /* Debug */,
				6930EB1C1B428CE500BEA6C3 /* Release */,
			);
			defaultConfigurationIsVisible = 0;
			defaultConfigurationName = Release;
		};
		6930EB1D1B428CE500BEA6C3 /* Build configuration list for PBXNativeTarget "QRCodeDemo" */ = {
			isa = XCConfigurationList;
			buildConfigurations = (
				6930EB1E1B428CE500BEA6C3 /* Debug */,
				6930EB1F1B428CE500BEA6C3 /* Release */,
			);
			defaultConfigurationIsVisible = 0;
		};
		6930EB201B428CE500BEA6C3 /* Build configuration list for PBXNativeTarget "QRCodeDemoTests" */ = {
			isa = XCConfigurationList;
			buildConfigurations = (
				6930EB211B428CE500BEA6C3 /* Debug */,
				6930EB221B428CE500BEA6C3 /* Release */,
			);
			defaultConfigurationIsVisible = 0;
		};
/* End XCConfigurationList section */
	};
	rootObject = 6930EAF61B428CE500BEA6C3 /* Project object */;
}
